
Microsoft Visual Studio Solution File, Format Version 12.00
# Visual Studio Version 17
VisualStudioVersion = 17.5.33414.496
MinimumVisualStudioVersion = 10.0.40219.1
Project("{8BC9CEB8-8B4A-11D0-8D11-00A0C91BC942}") = "105_Pointer", "105_Pointer\105_Pointer.vcxproj", "{76C3BE4B-B767-4DCE-96AC-A3B357E2806F}"
EndProject
Project("{8BC9CEB8-8B4A-11D0-8D11-00A0C91BC942}") = "105_Pointer2", "105_Pointer2\105_Pointer2.vcxproj", "{C042AA2C-46F0-4AC9-9C00-238E4F776FEC}"
EndProject
Project("{8BC9CEB8-8B4A-11D0-8D11-00A0C91BC942}") = "105_Pointer3", "105_Pointer3\105_Pointer3.vcxproj", "{9212715C-E885-4695-BA9D-225034BCFE80}"
EndProject
Project("{8BC9CEB8-8B4A-11D0-8D11-00A0C91BC942}") = "105_pointer4", "105_pointer4\105_pointer4.vcxproj", "{11F25E68-AAEB-4895-83FA-F59421FECBF7}"
EndProject
Global
	GlobalSection(SolutionConfigurationPlatforms) = preSolution
		Debug|x64 = Debug|x64
		Debug|x86 = Debug|x86
		Release|x64 = Release|x64
		Release|x86 = Release|x86
	EndGlobalSection
	GlobalSection(ProjectConfigurationPlatforms) = postSolution
		{76C3BE4B-B767-4DCE-96AC-A3B357E2806F}.Debug|x64.ActiveCfg = Debug|x64
		{76C3BE4B-B767-4DCE-96AC-A3B357E2806F}.Debug|x64.Build.0 = Debug|x64
		{76C3BE4B-B767-4DCE-96AC-A3B357E2806F}.Debug|x86.ActiveCfg = Debug|Win32
		{76C3BE4B-B767-4DCE-96AC-A3B357E2806F}.Debug|x86.Build.0 = Debug|Win32
		{76C3BE4B-B767-4DCE-96AC-A3B357E2806F}.Release|x64.ActiveCfg = Release|x64
		{76C3BE4B-B767-4DCE-96AC-A3B357E2806F}.Release|x64.Build.0 = Release|x64
		{76C3BE4B-B767-4DCE-96AC-A3B357E2806F}.Release|x86.ActiveCfg = Release|Win32
		{76C3BE4B-B767-4DCE-96AC-A3B357E2806F}.Release|x86.Build.0 = Release|Win32
		{C042AA2C-46F0-4AC9-9C00-238E4F776FEC}.Debug|x64.ActiveCfg = Debug|x64
		{C042AA2C-46F0-4AC9-9C00-238E4F776FEC}.Debug|x64.Build.0 = Debug|x64
		{C042AA2C-46F0-4AC9-9C00-238E4F776FEC}.Debug|x86.ActiveCfg = Debug|Win32
		{C042AA2C-46F0-4AC9-9C00-238E4F776FEC}.Debug|x86.Build.0 = Debug|Win32
		{C042AA2C-46F0-4AC9-9C00-238E4F776FEC}.Release|x64.ActiveCfg = Release|x64
		{C042AA2C-46F0-4AC9-9C00-238E4F776FEC}.Release|x64.Build.0 = Release|x64
		{C042AA2C-46F0-4AC9-9C00-238E4F776FEC}.Release|x86.ActiveCfg = Release|Win32
		{C042AA2C-46F0-4AC9-9C00-238E4F776FEC}.Release|x86.Build.0 = Release|Win32
		{9212715C-E885-4695-BA9D-225034BCFE80}.Debug|x64.ActiveCfg = Debug|x64
		{9212715C-E885-4695-BA9D-225034BCFE80}.Debug|x64.Build.0 = Debug|x64
		{9212715C-E885-4695-BA9D-225034BCFE80}.Debug|x86.ActiveCfg = Debug|Win32
		{9212715C-E885-4695-BA9D-225034BCFE80}.Debug|x86.Build.0 = Debug|Win32
		{9212715C-E885-4695-BA9D-225034BCFE80}.Release|x64.ActiveCfg = Release|x64
		{9212715C-E885-4695-BA9D-225034BCFE80}.Release|x64.Build.0 = Release|x64
		{9212715C-E885-4695-BA9D-225034BCFE80}.Release|x86.ActiveCfg = Release|Win32
		{9212715C-E885-4695-BA9D-225034BCFE80}.Release|x86.Build.0 = Release|Win32
		{11F25E68-AAEB-4895-83FA-F59421FECBF7}.Debug|x64.ActiveCfg = Debug|x64
		{11F25E68-AAEB-4895-83FA-F59421FECBF7}.Debug|x64.Build.0 = Debug|x64
		{11F25E68-AAEB-4895-83FA-F59421FECBF7}.Debug|x86.ActiveCfg = Debug|Win32
		{11F25E68-AAEB-4895-83FA-F59421FECBF7}.Debug|x86.Build.0 = Debug|Win32
		{11F25E68-AAEB-4895-83FA-F59421FECBF7}.Release|x64.ActiveCfg = Release|x64
		{11F25E68-AAEB-4895-83FA-F59421FECBF7}.Release|x64.Build.0 = Release|x64
		{11F25E68-AAEB-4895-83FA-F59421FECBF7}.Release|x86.ActiveCfg = Release|Win32
		{11F25E68-AAEB-4895-83FA-F59421FECBF7}.Release|x86.Build.0 = Release|Win32
	EndGlobalSection
	GlobalSection(SolutionProperties) = preSolution
		HideSolutionNode = FALSE
	EndGlobalSection
	GlobalSection(ExtensibilityGlobals) = postSolution
		SolutionGuid = {05DD16D3-E762-48E6-BDF4-97A3574140A8}
	EndGlobalSection
EndGlobal
